
Microsoft Visual Studio Solution File, Format Version 12.00
# Visual Studio Version 16
VisualStudioVersion = 16.0.32510.428
MinimumVisualStudioVersion = 10.0.40219.1
Project("{FAE04EC0-301F-11D3-BF4B-00C04F79EFBC}") = "FundC206", "FundC206\FundC206.csproj", "{DC5BC577-A2F6-44E0-91A7-D242CCEEF8F8}"
EndProject
Global
	GlobalSection(SolutionConfigurationPlatforms) = preSolution
		Debug|Any CPU = Debug|Any CPU
		Release|Any CPU = Release|Any CPU
	EndGlobalSection
	GlobalSection(ProjectConfigurationPlatforms) = postSolution
		{DC5BC577-A2F6-44E0-91A7-D242CCEEF8F8}.Debug|Any CPU.ActiveCfg = Debug|Any CPU
		{DC5BC577-A2F6-44E0-91A7-D242CCEEF8F8}.Debug|Any CPU.Build.0 = Debug|Any CPU
		{DC5BC577-A2F6-44E0-91A7-D242CCEEF8F8}.Release|Any CPU.ActiveCfg = Release|Any CPU
		{DC5BC577-A2F6-44E0-91A7-D242CCEEF8F8}.Release|Any CPU.Build.0 = Release|Any CPU
	EndGlobalSection
	GlobalSection(SolutionProperties) = preSolution
		HideSolutionNode = FALSE
	EndGlobalSection
	GlobalSection(ExtensibilityGlobals) = postSolution
		SolutionGuid = {AFDCAAC8-583B-4920-992E-02322F62F0FA}
	EndGlobalSection
EndGlobal
