
Microsoft Visual Studio Solution File, Format Version 12.00
# Visual Studio Version 16
VisualStudioVersion = 16.0.32510.428
MinimumVisualStudioVersion = 10.0.40219.1
Project("{FAE04EC0-301F-11D3-BF4B-00C04F79EFBC}") = "FundC241", "FundC241\FundC241.csproj", "{16CC031B-2082-4B1E-9A2A-21B09BD5E507}"
EndProject
Global
	GlobalSection(SolutionConfigurationPlatforms) = preSolution
		Debug|Any CPU = Debug|Any CPU
		Release|Any CPU = Release|Any CPU
	EndGlobalSection
	GlobalSection(ProjectConfigurationPlatforms) = postSolution
		{16CC031B-2082-4B1E-9A2A-21B09BD5E507}.Debug|Any CPU.ActiveCfg = Debug|Any CPU
		{16CC031B-2082-4B1E-9A2A-21B09BD5E507}.Debug|Any CPU.Build.0 = Debug|Any CPU
		{16CC031B-2082-4B1E-9A2A-21B09BD5E507}.Release|Any CPU.ActiveCfg = Release|Any CPU
		{16CC031B-2082-4B1E-9A2A-21B09BD5E507}.Release|Any CPU.Build.0 = Release|Any CPU
	EndGlobalSection
	GlobalSection(SolutionProperties) = preSolution
		HideSolutionNode = FALSE
	EndGlobalSection
	GlobalSection(ExtensibilityGlobals) = postSolution
		SolutionGuid = {888601B1-AED1-4C12-AA4F-6737F5C0FABF}
	EndGlobalSection
EndGlobal
