
Microsoft Visual Studio Solution File, Format Version 12.00
# Visual Studio Version 16
VisualStudioVersion = 16.0.32510.428
MinimumVisualStudioVersion = 10.0.40219.1
Project("{FAE04EC0-301F-11D3-BF4B-00C04F79EFBC}") = "FundC243", "FundC243\FundC243.csproj", "{28D49D37-01CA-42C2-B730-8E332A38C67B}"
EndProject
Global
	GlobalSection(SolutionConfigurationPlatforms) = preSolution
		Debug|Any CPU = Debug|Any CPU
		Release|Any CPU = Release|Any CPU
	EndGlobalSection
	GlobalSection(ProjectConfigurationPlatforms) = postSolution
		{28D49D37-01CA-42C2-B730-8E332A38C67B}.Debug|Any CPU.ActiveCfg = Debug|Any CPU
		{28D49D37-01CA-42C2-B730-8E332A38C67B}.Debug|Any CPU.Build.0 = Debug|Any CPU
		{28D49D37-01CA-42C2-B730-8E332A38C67B}.Release|Any CPU.ActiveCfg = Release|Any CPU
		{28D49D37-01CA-42C2-B730-8E332A38C67B}.Release|Any CPU.Build.0 = Release|Any CPU
	EndGlobalSection
	GlobalSection(SolutionProperties) = preSolution
		HideSolutionNode = FALSE
	EndGlobalSection
	GlobalSection(ExtensibilityGlobals) = postSolution
		SolutionGuid = {D682FE6F-EE43-461C-B190-791E6B6ED070}
	EndGlobalSection
EndGlobal
