
Microsoft Visual Studio Solution File, Format Version 12.00
# Visual Studio Version 16
VisualStudioVersion = 16.0.32510.428
MinimumVisualStudioVersion = 10.0.40219.1
Project("{FAE04EC0-301F-11D3-BF4B-00C04F79EFBC}") = "FundC224", "FundC224\FundC224.csproj", "{3A79AEF1-097A-4A7E-829A-96B8D2806A08}"
EndProject
Global
	GlobalSection(SolutionConfigurationPlatforms) = preSolution
		Debug|Any CPU = Debug|Any CPU
		Release|Any CPU = Release|Any CPU
	EndGlobalSection
	GlobalSection(ProjectConfigurationPlatforms) = postSolution
		{3A79AEF1-097A-4A7E-829A-96B8D2806A08}.Debug|Any CPU.ActiveCfg = Debug|Any CPU
		{3A79AEF1-097A-4A7E-829A-96B8D2806A08}.Debug|Any CPU.Build.0 = Debug|Any CPU
		{3A79AEF1-097A-4A7E-829A-96B8D2806A08}.Release|Any CPU.ActiveCfg = Release|Any CPU
		{3A79AEF1-097A-4A7E-829A-96B8D2806A08}.Release|Any CPU.Build.0 = Release|Any CPU
	EndGlobalSection
	GlobalSection(SolutionProperties) = preSolution
		HideSolutionNode = FALSE
	EndGlobalSection
	GlobalSection(ExtensibilityGlobals) = postSolution
		SolutionGuid = {C4774A91-8A28-4E2A-9976-FDD547B46F70}
	EndGlobalSection
EndGlobal
