
Microsoft Visual Studio Solution File, Format Version 12.00
# Visual Studio Version 16
VisualStudioVersion = 16.0.32510.428
MinimumVisualStudioVersion = 10.0.40219.1
Project("{FAE04EC0-301F-11D3-BF4B-00C04F79EFBC}") = "FundC234", "FundC234\FundC234.csproj", "{A5395F85-788B-42A5-9F50-2E8BF5F441C5}"
EndProject
Global
	GlobalSection(SolutionConfigurationPlatforms) = preSolution
		Debug|Any CPU = Debug|Any CPU
		Release|Any CPU = Release|Any CPU
	EndGlobalSection
	GlobalSection(ProjectConfigurationPlatforms) = postSolution
		{A5395F85-788B-42A5-9F50-2E8BF5F441C5}.Debug|Any CPU.ActiveCfg = Debug|Any CPU
		{A5395F85-788B-42A5-9F50-2E8BF5F441C5}.Debug|Any CPU.Build.0 = Debug|Any CPU
		{A5395F85-788B-42A5-9F50-2E8BF5F441C5}.Release|Any CPU.ActiveCfg = Release|Any CPU
		{A5395F85-788B-42A5-9F50-2E8BF5F441C5}.Release|Any CPU.Build.0 = Release|Any CPU
	EndGlobalSection
	GlobalSection(SolutionProperties) = preSolution
		HideSolutionNode = FALSE
	EndGlobalSection
	GlobalSection(ExtensibilityGlobals) = postSolution
		SolutionGuid = {D5FF0D5B-161F-402C-AFB2-6318B48DDD79}
	EndGlobalSection
EndGlobal
