
Microsoft Visual Studio Solution File, Format Version 12.00
# Visual Studio Version 16
VisualStudioVersion = 16.0.32510.428
MinimumVisualStudioVersion = 10.0.40219.1
Project("{FAE04EC0-301F-11D3-BF4B-00C04F79EFBC}") = "FundC211", "FundC211\FundC211.csproj", "{0CE20D56-D760-4085-AAE8-D6EA4EB80365}"
EndProject
Global
	GlobalSection(SolutionConfigurationPlatforms) = preSolution
		Debug|Any CPU = Debug|Any CPU
		Release|Any CPU = Release|Any CPU
	EndGlobalSection
	GlobalSection(ProjectConfigurationPlatforms) = postSolution
		{0CE20D56-D760-4085-AAE8-D6EA4EB80365}.Debug|Any CPU.ActiveCfg = Debug|Any CPU
		{0CE20D56-D760-4085-AAE8-D6EA4EB80365}.Debug|Any CPU.Build.0 = Debug|Any CPU
		{0CE20D56-D760-4085-AAE8-D6EA4EB80365}.Release|Any CPU.ActiveCfg = Release|Any CPU
		{0CE20D56-D760-4085-AAE8-D6EA4EB80365}.Release|Any CPU.Build.0 = Release|Any CPU
	EndGlobalSection
	GlobalSection(SolutionProperties) = preSolution
		HideSolutionNode = FALSE
	EndGlobalSection
	GlobalSection(ExtensibilityGlobals) = postSolution
		SolutionGuid = {476315CB-EDB6-4713-9FC4-11A33032B42E}
	EndGlobalSection
EndGlobal
