
Microsoft Visual Studio Solution File, Format Version 12.00
# Visual Studio Version 16
VisualStudioVersion = 16.0.32510.428
MinimumVisualStudioVersion = 10.0.40219.1
Project("{FAE04EC0-301F-11D3-BF4B-00C04F79EFBC}") = "02Exam3", "02Exam3\02Exam3.csproj", "{B7B70977-08F5-4445-A69A-BD18D6412A2E}"
EndProject
Global
	GlobalSection(SolutionConfigurationPlatforms) = preSolution
		Debug|Any CPU = Debug|Any CPU
		Release|Any CPU = Release|Any CPU
	EndGlobalSection
	GlobalSection(ProjectConfigurationPlatforms) = postSolution
		{B7B70977-08F5-4445-A69A-BD18D6412A2E}.Debug|Any CPU.ActiveCfg = Debug|Any CPU
		{B7B70977-08F5-4445-A69A-BD18D6412A2E}.Debug|Any CPU.Build.0 = Debug|Any CPU
		{B7B70977-08F5-4445-A69A-BD18D6412A2E}.Release|Any CPU.ActiveCfg = Release|Any CPU
		{B7B70977-08F5-4445-A69A-BD18D6412A2E}.Release|Any CPU.Build.0 = Release|Any CPU
	EndGlobalSection
	GlobalSection(SolutionProperties) = preSolution
		HideSolutionNode = FALSE
	EndGlobalSection
	GlobalSection(ExtensibilityGlobals) = postSolution
		SolutionGuid = {D6A29DD9-28D4-47BB-B4B7-BBB36ACF0B4B}
	EndGlobalSection
EndGlobal
