
Microsoft Visual Studio Solution File, Format Version 12.00
# Visual Studio Version 16
VisualStudioVersion = 16.0.32510.428
MinimumVisualStudioVersion = 10.0.40219.1
Project("{FAE04EC0-301F-11D3-BF4B-00C04F79EFBC}") = "FundC216", "FundC216\FundC216.csproj", "{B1D65436-4AED-41BE-BCDD-66B26186E43F}"
EndProject
Global
	GlobalSection(SolutionConfigurationPlatforms) = preSolution
		Debug|Any CPU = Debug|Any CPU
		Release|Any CPU = Release|Any CPU
	EndGlobalSection
	GlobalSection(ProjectConfigurationPlatforms) = postSolution
		{B1D65436-4AED-41BE-BCDD-66B26186E43F}.Debug|Any CPU.ActiveCfg = Debug|Any CPU
		{B1D65436-4AED-41BE-BCDD-66B26186E43F}.Debug|Any CPU.Build.0 = Debug|Any CPU
		{B1D65436-4AED-41BE-BCDD-66B26186E43F}.Release|Any CPU.ActiveCfg = Release|Any CPU
		{B1D65436-4AED-41BE-BCDD-66B26186E43F}.Release|Any CPU.Build.0 = Release|Any CPU
	EndGlobalSection
	GlobalSection(SolutionProperties) = preSolution
		HideSolutionNode = FALSE
	EndGlobalSection
	GlobalSection(ExtensibilityGlobals) = postSolution
		SolutionGuid = {2327ABBF-CED1-4D6F-93C7-433EEC9443E6}
	EndGlobalSection
EndGlobal
